
Microsoft Visual Studio Solution File, Format Version 12.00
# Visual Studio 14
VisualStudioVersion = 14.0.25123.0
MinimumVisualStudioVersion = 10.0.40219.1
Project("{B52F0AB7-1B0A-4768-95BA-B7130AB41E3A}") = "Sitecore.Support.96268", "Sitecore.Support.96268\Sitecore.Support.96268.csproj", "{62FE4BCE-F722-47DD-AECD-C0AAB99439B9}"
EndProject
Global
	GlobalSection(SolutionConfigurationPlatforms) = preSolution
		Debug|Any CPU = Debug|Any CPU
		Release|Any CPU = Release|Any CPU
	EndGlobalSection
	GlobalSection(ProjectConfigurationPlatforms) = postSolution
		{62FE4BCE-F722-47DD-AECD-C0AAB99439B9}.Debug|Any CPU.ActiveCfg = Debug|Any CPU
		{62FE4BCE-F722-47DD-AECD-C0AAB99439B9}.Debug|Any CPU.Build.0 = Debug|Any CPU
		{62FE4BCE-F722-47DD-AECD-C0AAB99439B9}.Release|Any CPU.ActiveCfg = Release|Any CPU
		{62FE4BCE-F722-47DD-AECD-C0AAB99439B9}.Release|Any CPU.Build.0 = Release|Any CPU
	EndGlobalSection
	GlobalSection(SolutionProperties) = preSolution
		HideSolutionNode = FALSE
	EndGlobalSection
EndGlobal
